
Microsoft Visual Studio Solution File, Format Version 12.00
# Visual Studio Version 17
VisualStudioVersion = 17.8.34309.116
MinimumVisualStudioVersion = 10.0.40219.1
Project("{FAE04EC0-301F-11D3-BF4B-00C04F79EFBC}") = "Ex30_2023_template", "Ex30_2023_template.csproj", "{90909A0D-DB98-491C-ABE7-11A99C7F1E70}"
EndProject
Global
	GlobalSection(SolutionConfigurationPlatforms) = preSolution
		Debug|Any CPU = Debug|Any CPU
		Release|Any CPU = Release|Any CPU
	EndGlobalSection
	GlobalSection(ProjectConfigurationPlatforms) = postSolution
		{90909A0D-DB98-491C-ABE7-11A99C7F1E70}.Debug|Any CPU.ActiveCfg = Debug|Any CPU
		{90909A0D-DB98-491C-ABE7-11A99C7F1E70}.Debug|Any CPU.Build.0 = Debug|Any CPU
		{90909A0D-DB98-491C-ABE7-11A99C7F1E70}.Release|Any CPU.ActiveCfg = Release|Any CPU
		{90909A0D-DB98-491C-ABE7-11A99C7F1E70}.Release|Any CPU.Build.0 = Release|Any CPU
	EndGlobalSection
	GlobalSection(SolutionProperties) = preSolution
		HideSolutionNode = FALSE
	EndGlobalSection
	GlobalSection(ExtensibilityGlobals) = postSolution
		SolutionGuid = {212091AF-FA5E-4519-82BC-9E3DCEB93672}
	EndGlobalSection
EndGlobal
